# Fixture content pins, minted once at authoring time with the system
# SHA-256 tool (see lockfiles/MINTING.md). The reference implementation
# re-verifies these pins at runtime. Format per line: "<sha256>  <path>",
# paths relative to conformance/.
1703ba77c72a6efeae8f6928ccf56949f6e0d47e08fb93a6599671a509e98a34   driver.vow
d73f1df99a23b8676789865b25cb9551d53a8d42a2b48bc53c305d3a2fb99d54  expected/vow/effects/fail/eff-01-undeclared.expected
0ec8285f1e0ce8336bc296ab799af106733eff6fd516c85047c180f938e7b9e6  expected/vow/effects/fail/eff-02a-read-outside.expected
ea801b3cc476e6b1cc4d2fbee955058afe812807481cdbc1246126652349b750  expected/vow/effects/fail/eff-02b-spawn-undeclared.expected
452620b97b156ac7d567ca349569b89376963af12e5b689d5b7b0cf33bd6f47f  expected/vow/effects/fail/eff-02c-write-outside.expected
47757c2eb3d22b350c27d77f29f86d50a830ab1677b385f94fb2a40810d06916  expected/vow/effects/fail/eff-04-no-clock-net.expected
53b32684f289e3b6bf98c07c84636e097b1220b990817eb68592fa174dc7cb21  expected/vow/effects/fail/eff-05-reclimit.expected
72944321e5a6b4c118268ae9ebb7ac02815fc608bc40af51c245868a8ab72b95  expected/vow/effects/fail/eff-06-transitive.expected
0afd63a7954f5f91d38d03228484e4205a63a642b3f81f5f06a31a0ae5047b56  expected/vow/effects/fail/eff-07-overflow.expected
efa783a31dca3364e3589df1c5677817f30acba51041d2882eb35d62478dc9b8  expected/vow/effects/fail/eff-08-divzero.expected
07bc46f398b4462cafd7cf03b029efb556f614b4247372671f9a1d0f0c8bbd5f  expected/vow/effects/fail/eff-09-badindex.expected
1157fe0dbf8b1ea236804b1fdf5890d5a2462c51bbecf09bdf87143b24e563f3  expected/vow/effects/fail/eff-10-missingkey.expected
806d402e04a922762aad730b289b2452fa514ca8dc287b73fb1d3bfa074fb2d4  expected/vow/effects/fail/eff-12-nonfunc-call.expected
9bd3038b1c2a079dc985e69b7399013d7513cbd39e6beb167f5b7516818729e5  expected/vow/effects/fail/eff-13-missing-file.expected
2da7dea2da01e3d622698ef2d3dadb2d1919e0b8c29a8723e35cdc8e2083798d  expected/vow/effects/fail/eff-14-dynamic-effect.expected
a821fbca7797ef1520269e80b4c4eef7ad32d03a5f69e1aa3da27d1e4be6991d  expected/vow/effects/fail/eff-15-type-error.expected
a821fbca7797ef1520269e80b4c4eef7ad32d03a5f69e1aa3da27d1e4be6991d  expected/vow/effects/fail/eff-17-arity.expected
5b9ce02deaff28abce60fc2bf7c0661cdafb2b8108f979b14089033e4767e52b  expected/vow/grammar/fail/par-04a-dup-key.expected
c0092c2d837714a862393745362aab9d831bc2d9f04fd4907de5701615c302a9  expected/vow/grammar/fail/par-04b-cycle1.expected
eee76e3b045ae615000b872c9ce22b7cafad27248b5fa3d2ecb171475dffe336  expected/vow/grammar/fail/par-04c-bad-hash.expected
821f13aedc11c0cf12360511ecffa260fd0576be5e135a6ca4d631a8ce5a633e  expected/vow/grammar/fail/par-04d-bad-effect.expected
9efdfbdcb75b3a59b9a432112e854d722fb30a69382dc1e8e7c308073be12489  expected/vow/grammar/fail/par-04e-computed-arg.expected
403f554444e102dfc5ce44c3059b311609551ee8f7d629f4169697d6337cfd4b  expected/vow/grammar/fail/par-04f-escape-root.expected
43dbe744281e8397221361d7dc2779a43e82ba50d17612a3521104929429bde6  expected/vow/grammar/fail/par-04g-call-in-let.expected
3416a1360ac42ebb5caf4e1e5deb31485175f326596229fcf900c246b376b765  expected/vow/grammar/fail/par-04h-unknown-name.expected
651732c9523ad5fac71b85be4eaf9b68f83f43f9cc21090b9b16eca143f71cc2  expected/vow/grammar/fail/par-04i-same-dir-bad-hash.expected
ec409734359fef8c8a159bfcfe7e47bd99dd3298e227befb95c97915b0313bc2  expected/vow/grammar/fail/par-04j-dup-func.expected
e1b5bc2c2b38021b04787ec35f1e756db0915d8a0a03c3c8f880e81494a04f7b  expected/vow/grammar/fail/par-04k-reserved-root.expected
ffa1f1c001a2a1da935a710f65f212f8273dd4e50427ddbeed6af70694599dde  expected/vow/grammar/fail/par-04l-bare-alias.expected
b6cd94241668d0267e520d47a6814b97462a9256d9beb3688af8466a4dc5d5db  expected/vow/lexer/fail/lex-02a-bad-escape.expected
b1367fcc3da3e15a7bc28927a3494d6777b6015a7c770961e30c381e5c2545dc  expected/vow/lexer/fail/lex-02b-big-int.expected
d025d2cb7be88c1105434e73885d74a28ad4f4c24aee482bed246e2702914a02  expected/vow/lexer/fail/lex-02c-bad-utf8.expected
55112fa2fc5e5bcd6b19970600204e926ad35a2aa9e69a3ef6f9e275aa499bb9  expected/vow/lexer/fail/lex-02d-lone-cr.expected
6f106c9447a225fababa5af69b9fd2e882c72b781432824bf125840bd57aced5  expected/vow/lexer/fail/lex-02e-unexpected-token.expected
2de61e1d6c09d7915cb5ddeef52eac33ea22035966c67f7072b8a61233beb380  expected/vow/lexer/fail/lex-02f-unterminated.expected
e9c6f2c7289f6451aeb46e8ba4712f25c44f37ece0dd898010e27bb87d9ba77e   expected/vow/runner/run-01.stdout
5d4c3650b8dc21c823a5ec2f4f526ab83b3ad19ea1f8116dbc2c4c735d839711  expected/vow/runner/run-02.expected
d8556c7c2ad933f9d5a037349a1f77886aaa64551c2f2fe23874af46952a84c9   expected/vow/runner/run-03-exit7.expected
70327b7b606058506beaff4775538ec8cb1c49f5e585c09d5a80df2303157b1b  expected/vow/runner/run-03-nomain.expected
92e71fa8c24206bd221fffd769c1e68da8b79292ad7d158aa9a5daad7164c6de  expected/vow/runner/run-04-main-nonint.expected
71de6943763bcabf8d47111e9fbf4883b8924e898d58302a9676cc9b67115d02   vow/effects/fail/eff-01-undeclared.vow
f16fb0bad9c0dd0235c9d9648a11b7fc72c68e8f3a8e7818e10de31622a47f41   vow/effects/fail/eff-02a-read-outside.vow
2f0e16ae0341fc8220466a31044bdda04537aac649272d6480f59fce8629eee2   vow/effects/fail/eff-02b-spawn-undeclared.vow
1e2e2c444612aec78a2d128a067a8b96aeaa8531ddd054e08b018d891b977232   vow/effects/fail/eff-02c-write-outside.vow
f55ae8849114da1047b52a6a909284bb35339126a542737cada5c5abaada8987   vow/effects/fail/eff-04-no-clock-net.vow
7b70379f574791d1268c917d169ca6283dfd802130f2605ab245bb4f39edc08b   vow/effects/fail/eff-05-reclimit.vow
2dbe93b9fc9c1cf22036a1eac95f88fc0aa1bd6762e4c895aaf24e27582c3152   vow/effects/fail/eff-06-transitive.vow
55ec88a83a965bbd9862e601bccb4e8dcba6c432bfdfa38d3efb69e3f9aa56bd   vow/effects/fail/eff-07-overflow.vow
aa75c436bf64d02dd11b124dd044458f9f6b2acfa1fd5054b6d01be2354816dc   vow/effects/fail/eff-08-divzero.vow
2da5c4c17fb148e21b516ba87af5c328e8c7a8982116bd2aa1a68bf91be0eb27   vow/effects/fail/eff-09-badindex.vow
2f053d48370c4a81209f498bc0cd402ea3421f56b242c0360f3bbc46d989ecb5   vow/effects/fail/eff-10-missingkey.vow
45f646ac97c1c3cd8f9ef456b54d0c7cbf9b73dcc1a4c53f9d3725efa2b78f5a   vow/effects/fail/eff-12-nonfunc-call.vow
dbcd426a15471ab82dc571495ffde10577202aad8bfa66f982d58eb0ee8a2e3b   vow/effects/fail/eff-13-missing-file.vow
225b44654937dd600e3db370ce630978204bd16f83034f90b731844cb19e468d   vow/effects/fail/eff-14-dynamic-effect.vow
2aa8070b2f1369f90c78d6e0b46e807a775a8e190a6fa385428fc265d0e60070   vow/effects/fail/eff-15-type-error.vow
0721fbbd612d9afd717fb4d508a4ce77cc67c09a1991a16aa44f47ebfe35286a   vow/effects/fail/eff-17-arity.vow
f70ee1bb3759370ae96ae7c269c226450c366a3e58843a3d02c6bcd90bb1ce59   vow/effects/pass/eff-03-listing.vow
1df79bada8dc642cb3df1a96bea6dfd1045f926a606a75ab37e4956c994f83f9   vow/effects/pass/eff-16-lock-true.vow
de602f5ebedb101675a4d8159de647298df440abff402a4e1490c0405dcbf1e9   vow/effects/pass/probe.lock
d8818647e50796520d489451d5281528ca81d8092dce629f53193f66b8f6b3ca   vow/grammar/fail/par-04a-dup-key.vow
4557477fd438a4052ab8ee06946040b7dbde8aeb1c62353ff4484962c7734b6b   vow/grammar/fail/par-04b-cycle1.vow
a4a69d8270b7510616444069e8aa65525d7c65f9ae30c3f4b03bd37a9a0d5a5b   vow/grammar/fail/par-04b-cycle2.vow
866dcabdc4d7211c4571aaa7063555c30c3bab229a525ae9e5591c47bee17e73   vow/grammar/fail/par-04c-bad-hash.vow
56b7938584b11c4e3eccb02876667a970faf4a3b81c515ee1d91e3855cf0736e   vow/grammar/fail/par-04d-bad-effect.vow
0ba5bf1c336a1b9b93edb15e25917c514ad821b3d8d6bd2b2b4b48d15e38565d   vow/grammar/fail/par-04e-computed-arg.vow
74bccc0b6301a210a1e86e10a44b6fecd65f3994cc011ebbe9d960c978652eab   vow/grammar/fail/par-04f-escape-root.vow
7f41df969da614fe23b1febffb42b308d2e8aced0d216bd23434c5406f6b4385   vow/grammar/fail/par-04g-call-in-let.vow
6e76583591b3cd14dfddf6f2bca36d2550b954bc3c92bd9a6435c002eaddbec4   vow/grammar/fail/par-04h-unknown-name.vow
b2d031ec61437e26c5ee82a8723003bfc4d50053bafc20b8c879704a55250fd0   vow/grammar/fail/par-04i-same-dir-bad-hash.vow
a257c2c204d8b83a7143f96bf911fc96e17807f4e9f7222d8ccc03ec4643da54   vow/grammar/fail/par-04j-dup-func.vow
56f5ce68ce050a9190d84c64e405c19aed898fc148e1067473befa3427862cfa   vow/grammar/fail/par-04k-reserved-root.vow
45879126af519f9a9569de8ad7e8a37bd91c6ca5ce38ac9f3fd501a34777307f   vow/grammar/fail/par-04l-bare-alias.vow
7888a4702802cb4cc09869c7fa9eb11e7d7e07137f43dbcd684542781b6c45c7   vow/grammar/pass/par-01-precedence.vow
44a6520503b5f860fd9182e9686d75149e4f4a1d371abfd1784b6c4bc103fe95   vow/grammar/pass/par-02-for.vow
25037254aef64670b97a2cee987dcce7601ef493fc7d6562f5323ea397440f89   vow/grammar/pass/par-03-map-block.vow
6ff39999133580804121d6b8759f67d6a4e1c7bc3d65aa9c1f5524b4cc0af20d   vow/grammar/pass/par-05-import.vow
3eed60fd5c579e9542ebe0541c5de1c1d4482a39d470dc8714e2a5e3a034ae60   vow/grammar/pass/par-05-mod.vow
491da00cf5d0569316d2dcf28d1d04a24eafbd30bed0f0e6e40a460824716f58   vow/lexer/fail/lex-02a-bad-escape.vow
a5abecaa87041877d4e70479e86be44cc7506e2b25450eb84e92f8c983486556   vow/lexer/fail/lex-02b-big-int.vow
93f791e8e4e772b9108d77d36faefe809ddee25b1479b0a59d3bfa6c4df470f7   vow/lexer/fail/lex-02c-bad-utf8.vow
6e59e1ce28784c431e7373c5963bf5c993d0e020b19bfa47e59dad3b6512daff   vow/lexer/fail/lex-02d-lone-cr.vow
e97706141f2325d2f32605ed1e645af3d37157d8cb2d7edf5e0c1097c18eeb55   vow/lexer/fail/lex-02e-unexpected-token.vow
ba1d0927c399f52b36146429f31861c34c086e4645c544b42001f13b08d56229   vow/lexer/fail/lex-02f-unterminated.vow
4aa0e106a2dd63f1ed926ad4c021d8b48c56f21f8ae5389bff3d405f921fc210   vow/lexer/pass/lex-01-crlf.vow
e43f822e010f72eb5c75207fb49d2e5e9b53a4af825395d3c2b734f185beffb3   vow/lexer/pass/lex-01-tokens.vow
d9b7351537ba5579746fbdb228a719b8c468b64ca3f83e2c712f4ba9de293625   vow/runner/_mini-run-01/a.vow
65ea7c2a7b9aa7d9e0a2b679262325a2f6c87ba13339924e360923b2632e2ddd   vow/runner/_mini-run-01/b.vow
9d9f38e1e5c90bfcbecbb35cf5373246a14be5dcee4d767a141fc5c8254e5c58   vow/runner/_mini-run-02/c.vow
26c0d4eb067b86dfef5a656b009cabfa35671b3942395cb8b24d29a0d2a898cb   vow/runner/pass/memo-01a.vow
ef4f3bd55cb045a47b942d21d164f429b1b7f5571f093bfdc4aa26f656205106   vow/runner/pass/memo-01b.vow
421784628690c4517c5330046fc8140963512b29b504546328f81923ecb85969   vow/runner/run-03-exit7.vow
158ef600d3e9a701381c3ff623aee6b2c79061e8caf8d65f985b75f83bf02180   vow/runner/run-03-nomain.vow
aa452cd0306510dd229167dada311135e07ebca5938b1f55195f76c2961e4b0f   vow/runner/run-04-main-nonint.vow
5161b9576aa0503fc05cbd1795deea38344639d77f1d1f2488cac5d5d6cef088  coverage.sh
